
Microsoft Visual Studio Solution File, Format Version 12.00
# Visual Studio Version 16
VisualStudioVersion = 16.0.29911.84
MinimumVisualStudioVersion = 10.0.40219.1
Project("{FAE04EC0-301F-11D3-BF4B-00C04F79EFBC}") = "task_DEV-5", "task_DEV-5\task_DEV-5.csproj", "{D5FC8A15-920C-40F0-B6AF-3E0BCC35F0F6}"
EndProject
Global
	GlobalSection(SolutionConfigurationPlatforms) = preSolution
		Debug|Any CPU = Debug|Any CPU
		Release|Any CPU = Release|Any CPU
	EndGlobalSection
	GlobalSection(ProjectConfigurationPlatforms) = postSolution
		{D5FC8A15-920C-40F0-B6AF-3E0BCC35F0F6}.Debug|Any CPU.ActiveCfg = Debug|Any CPU
		{D5FC8A15-920C-40F0-B6AF-3E0BCC35F0F6}.Debug|Any CPU.Build.0 = Debug|Any CPU
		{D5FC8A15-920C-40F0-B6AF-3E0BCC35F0F6}.Release|Any CPU.ActiveCfg = Release|Any CPU
		{D5FC8A15-920C-40F0-B6AF-3E0BCC35F0F6}.Release|Any CPU.Build.0 = Release|Any CPU
	EndGlobalSection
	GlobalSection(SolutionProperties) = preSolution
		HideSolutionNode = FALSE
	EndGlobalSection
	GlobalSection(ExtensibilityGlobals) = postSolution
		SolutionGuid = {2C820CE7-B033-45EB-9DDA-C39796AE4835}
	EndGlobalSection
EndGlobal
