
Microsoft Visual Studio Solution File, Format Version 12.00
# Visual Studio Version 16
VisualStudioVersion = 16.0.29911.84
MinimumVisualStudioVersion = 10.0.40219.1
Project("{FAE04EC0-301F-11D3-BF4B-00C04F79EFBC}") = "Convertor", "Convertor\Convertor.csproj", "{BD7C6180-08B9-4184-B5C1-1D8736B88D20}"
EndProject
Global
	GlobalSection(SolutionConfigurationPlatforms) = preSolution
		Debug|Any CPU = Debug|Any CPU
		Release|Any CPU = Release|Any CPU
	EndGlobalSection
	GlobalSection(ProjectConfigurationPlatforms) = postSolution
		{BD7C6180-08B9-4184-B5C1-1D8736B88D20}.Debug|Any CPU.ActiveCfg = Debug|Any CPU
		{BD7C6180-08B9-4184-B5C1-1D8736B88D20}.Debug|Any CPU.Build.0 = Debug|Any CPU
		{BD7C6180-08B9-4184-B5C1-1D8736B88D20}.Release|Any CPU.ActiveCfg = Release|Any CPU
		{BD7C6180-08B9-4184-B5C1-1D8736B88D20}.Release|Any CPU.Build.0 = Release|Any CPU
	EndGlobalSection
	GlobalSection(SolutionProperties) = preSolution
		HideSolutionNode = FALSE
	EndGlobalSection
	GlobalSection(ExtensibilityGlobals) = postSolution
		SolutionGuid = {74F642F5-629A-468E-B2BE-917E339B2F39}
	EndGlobalSection
EndGlobal
